
Microsoft Visual Studio Solution File, Format Version 12.00
# Visual Studio 15
VisualStudioVersion = 15.0.28307.136
MinimumVisualStudioVersion = 10.0.40219.1
Project("{6EC3EE1D-3C4E-46DD-8F32-0CC8E7565705}") = "aoc2018", "aoc2018\aoc2018.fsproj", "{34A5F409-8B86-4655-A5CE-673C41F6AC5F}"
EndProject
Project("{F2A71F9B-5D33-465A-A702-920D77279786}") = "aoc2018Test", "aoc2018Test\aoc2018Test.fsproj", "{F8F4B41D-BAAB-46E2-B05F-66DB360FAFB2}"
EndProject
Global
	GlobalSection(SolutionConfigurationPlatforms) = preSolution
		Debug|Any CPU = Debug|Any CPU
		Release|Any CPU = Release|Any CPU
	EndGlobalSection
	GlobalSection(ProjectConfigurationPlatforms) = postSolution
		{34A5F409-8B86-4655-A5CE-673C41F6AC5F}.Debug|Any CPU.ActiveCfg = Debug|Any CPU
		{34A5F409-8B86-4655-A5CE-673C41F6AC5F}.Debug|Any CPU.Build.0 = Debug|Any CPU
		{34A5F409-8B86-4655-A5CE-673C41F6AC5F}.Release|Any CPU.ActiveCfg = Release|Any CPU
		{34A5F409-8B86-4655-A5CE-673C41F6AC5F}.Release|Any CPU.Build.0 = Release|Any CPU
		{F8F4B41D-BAAB-46E2-B05F-66DB360FAFB2}.Debug|Any CPU.ActiveCfg = Debug|Any CPU
		{F8F4B41D-BAAB-46E2-B05F-66DB360FAFB2}.Debug|Any CPU.Build.0 = Debug|Any CPU
		{F8F4B41D-BAAB-46E2-B05F-66DB360FAFB2}.Release|Any CPU.ActiveCfg = Release|Any CPU
		{F8F4B41D-BAAB-46E2-B05F-66DB360FAFB2}.Release|Any CPU.Build.0 = Release|Any CPU
	EndGlobalSection
	GlobalSection(SolutionProperties) = preSolution
		HideSolutionNode = FALSE
	EndGlobalSection
	GlobalSection(ExtensibilityGlobals) = postSolution
		SolutionGuid = {49699C97-A50C-4EF0-9F46-AB419C7FE6F6}
	EndGlobalSection
EndGlobal
